<?xml version="1.0" encoding="utf-8"?>
<Project ToolsVersion="4.0" xmlns="http://schemas.microsoft.com/developer/msbuild/2003">
  <ItemGroup>
    <Filter Include="Source Files">
      <UniqueIdentifier>{4FC737F1-C7A5-4376-A066-2A32D752A2FF}</UniqueIdentifier>
      <Extensions>cpp;c;cc;cxx;def;odl;idl;hpj;bat;asm;asmx</Extensions>
    </Filter>
    <Filter Include="Header Files">
      <UniqueIdentifier>{93995380-89BD-4b04-88EB-625FBE52EBFB}</UniqueIdentifier>
      <Extensions>h;hh;hpp;hxx;hm;inl;inc;xsd</Extensions>
    </Filter>
    <Filter Include="Resource Files">
      <UniqueIdentifier>{67DA6AB6-F800-4c08-8B7A-83BB121AAD01}</UniqueIdentifier>
      <Extensions>rc;ico;cur;bmp;dlg;rc2;rct;bin;rgs;gif;jpg;jpeg;jpe;resx;tiff;tif;png;wav;mfcribbon-ms</Extensions>
    </Filter>
  </ItemGroup>
  <ItemGroup>
    <ClInclude Include="..\..\Sources\Camera.hpp">
      <Filter>Header Files</Filter>
    </ClInclude>
    <ClInclude Include="..\..\Sources\glitter.hpp">
      <Filter>Header Files</Filter>
    </ClInclude>
    <ClInclude Include="..\..\Sources\Mesh.hpp">
      <Filter>Header Files</Filter>
    </ClInclude>
    <ClInclude Include="..\..\Sources\Model.hpp">
      <Filter>Header Files</Filter>
    </ClInclude>
    <ClInclude Include="..\..\Sources\Shader.hpp">
      <Filter>Header Files</Filter>
    </ClInclude>
    <ClInclude Include="..\..\vendors\includes\glad\glad.h">
      <Filter>Header Files</Filter>
    </ClInclude>
    <ClInclude Include="..\..\Sources\LightSource.h">
      <Filter>Header Files</Filter>
    </ClInclude>
    <ClInclude Include="..\..\Sources\Jumper.hpp">
      <Filter>Header Files</Filter>
    </ClInclude>
    <ClInclude Include="..\..\Sources\ParticleGenerator.h">
      <Filter>Header Files</Filter>
    </ClInclude>
  </ItemGroup>
  <ItemGroup>
    <ClCompile Include="..\..\Sources\Shader.cpp">
      <Filter>Source Files</Filter>
    </ClCompile>
    <ClCompile Include="..\..\Sources\glad.c">
      <Filter>Source Files</Filter>
    </ClCompile>
    <ClCompile Include="..\..\Sources\main.cpp">
      <Filter>Source Files</Filter>
    </ClCompile>
    <ClCompile Include="..\..\Sources\ParticleGenerator.cpp">
      <Filter>Header Files</Filter>
    </ClCompile>
  </ItemGroup>
  <ItemGroup>
    <None Include="Shaders\axis.frag">
      <Filter>Resource Files</Filter>
    </None>
    <None Include="Shaders\axis.vert">
      <Filter>Resource Files</Filter>
    </None>
    <None Include="Shaders\skybox.frag">
      <Filter>Resource Files</Filter>
    </None>
    <None Include="Shaders\skybox.vert">
      <Filter>Resource Files</Filter>
    </None>
    <None Include="Shaders\triangle.frag">
      <Filter>Resource Files</Filter>
    </None>
    <None Include="Shaders\triangle.vert">
      <Filter>Resource Files</Filter>
    </None>
    <None Include="Shaders\stars.frag">
      <Filter>Resource Files</Filter>
    </None>
    <None Include="Shaders\stars.vert">
      <Filter>Resource Files</Filter>
    </None>
    <None Include="Shaders\lightSource.frag">
      <Filter>Resource Files</Filter>
    </None>
    <None Include="Shaders\lightSource.vert">
      <Filter>Resource Files</Filter>
    </None>
    <None Include="Shaders\model.frag">
      <Filter>Resource Files</Filter>
    </None>
    <None Include="Shaders\model.vert">
      <Filter>Resource Files</Filter>
    </None>
    <None Include="Shaders\modelOutlining.frag">
      <Filter>Resource Files</Filter>
    </None>
    <None Include="Shaders\modelOutlining.vert">
      <Filter>Resource Files</Filter>
    </None>
    <None Include="Shaders\asteroid.frag">
      <Filter>Resource Files</Filter>
    </None>
    <None Include="Shaders\asteroid.vert">
      <Filter>Resource Files</Filter>
    </None>
    <None Include="Shaders\planet.frag">
      <Filter>Resource Files</Filter>
    </None>
    <None Include="Shaders\planet.vert">
      <Filter>Resource Files</Filter>
    </None>
    <None Include="Shaders\sun.frag">
      <Filter>Resource Files</Filter>
    </None>
    <None Include="Shaders\sun.vert">
      <Filter>Resource Files</Filter>
    </None>
    <None Include="Shaders\model.geom">
      <Filter>Resource Files</Filter>
    </None>
    <None Include="Shaders\waterPlaneStargate.frag">
      <Filter>Resource Files</Filter>
    </None>
    <None Include="Shaders\waterPlaneStargate.vert">
      <Filter>Resource Files</Filter>
    </None>
    <None Include="Shaders\missile.frag">
      <Filter>Resource Files</Filter>
    </None>
    <None Include="Shaders\missile.vert">
      <Filter>Resource Files</Filter>
    </None>
    <None Include="Shaders\particle.frag">
      <Filter>Resource Files</Filter>
    </None>
    <None Include="Shaders\particle.vert">
      <Filter>Resource Files</Filter>
    </None>
    <None Include="Shaders\lightBulbCenter.frag">
      <Filter>Resource Files</Filter>
    </None>
    <None Include="Shaders\lightBulbCenter.vert">
      <Filter>Resource Files</Filter>
    </None>
    <None Include="Shaders\lightBulbGlass.frag">
      <Filter>Resource Files</Filter>
    </None>
    <None Include="Shaders\lightBulbGlass.vert">
      <Filter>Resource Files</Filter>
    </None>
  </ItemGroup>
</Project>